
Microsoft Visual Studio Solution File, Format Version 12.00
Project("{FAE04EC0-301F-11D3-BF4B-00C04F79EFBC}") = "User.Application", "User.Application\User.Application.csproj", "{3BB8F756-2D19-4319-8652-F2A02780C6A8}"
EndProject
Project("{FAE04EC0-301F-11D3-BF4B-00C04F79EFBC}") = "User.Domain", "User.Domain\User.Domain.csproj", "{591B7EE0-EC8C-467C-B98C-99DAE4911862}"
EndProject
Project("{FAE04EC0-301F-11D3-BF4B-00C04F79EFBC}") = "User.Infrastructure", "User.Infrastructure\User.Infrastructure.csproj", "{AF81EBFD-DB38-45F3-929A-896B86B9C7E8}"
EndProject
Project("{FAE04EC0-301F-11D3-BF4B-00C04F79EFBC}") = "MountainCat.Microwo", "MountainCat.Microwo\MountainCat.Microwo.csproj", "{7E71B0C1-B9F7-4644-A42E-A39078AED5FE}"
EndProject
Global
	GlobalSection(SolutionConfigurationPlatforms) = preSolution
		Debug|Any CPU = Debug|Any CPU
		Release|Any CPU = Release|Any CPU
	EndGlobalSection
	GlobalSection(ProjectConfigurationPlatforms) = postSolution
		{3BB8F756-2D19-4319-8652-F2A02780C6A8}.Debug|Any CPU.ActiveCfg = Debug|Any CPU
		{3BB8F756-2D19-4319-8652-F2A02780C6A8}.Debug|Any CPU.Build.0 = Debug|Any CPU
		{3BB8F756-2D19-4319-8652-F2A02780C6A8}.Release|Any CPU.ActiveCfg = Release|Any CPU
		{3BB8F756-2D19-4319-8652-F2A02780C6A8}.Release|Any CPU.Build.0 = Release|Any CPU
		{591B7EE0-EC8C-467C-B98C-99DAE4911862}.Debug|Any CPU.ActiveCfg = Debug|Any CPU
		{591B7EE0-EC8C-467C-B98C-99DAE4911862}.Debug|Any CPU.Build.0 = Debug|Any CPU
		{591B7EE0-EC8C-467C-B98C-99DAE4911862}.Release|Any CPU.ActiveCfg = Release|Any CPU
		{591B7EE0-EC8C-467C-B98C-99DAE4911862}.Release|Any CPU.Build.0 = Release|Any CPU
		{AF81EBFD-DB38-45F3-929A-896B86B9C7E8}.Debug|Any CPU.ActiveCfg = Debug|Any CPU
		{AF81EBFD-DB38-45F3-929A-896B86B9C7E8}.Debug|Any CPU.Build.0 = Debug|Any CPU
		{AF81EBFD-DB38-45F3-929A-896B86B9C7E8}.Release|Any CPU.ActiveCfg = Release|Any CPU
		{AF81EBFD-DB38-45F3-929A-896B86B9C7E8}.Release|Any CPU.Build.0 = Release|Any CPU
		{7E71B0C1-B9F7-4644-A42E-A39078AED5FE}.Debug|Any CPU.ActiveCfg = Debug|Any CPU
		{7E71B0C1-B9F7-4644-A42E-A39078AED5FE}.Debug|Any CPU.Build.0 = Debug|Any CPU
		{7E71B0C1-B9F7-4644-A42E-A39078AED5FE}.Release|Any CPU.ActiveCfg = Release|Any CPU
		{7E71B0C1-B9F7-4644-A42E-A39078AED5FE}.Release|Any CPU.Build.0 = Release|Any CPU
	EndGlobalSection
EndGlobal
