
Microsoft Visual Studio Solution File, Format Version 12.00
Project("{FAE04EC0-301F-11D3-BF4B-00C04F79EFBC}") = "CsharpCodeGen", "CsharpCodeGen\CsharpCodeGen.csproj", "{C12E8334-2F1E-4131-A199-0F35B84BA6EA}"
EndProject
Global
	GlobalSection(SolutionConfigurationPlatforms) = preSolution
		Debug|Any CPU = Debug|Any CPU
		Release|Any CPU = Release|Any CPU
	EndGlobalSection
	GlobalSection(ProjectConfigurationPlatforms) = postSolution
		{C12E8334-2F1E-4131-A199-0F35B84BA6EA}.Debug|Any CPU.ActiveCfg = Debug|Any CPU
		{C12E8334-2F1E-4131-A199-0F35B84BA6EA}.Debug|Any CPU.Build.0 = Debug|Any CPU
		{C12E8334-2F1E-4131-A199-0F35B84BA6EA}.Release|Any CPU.ActiveCfg = Release|Any CPU
		{C12E8334-2F1E-4131-A199-0F35B84BA6EA}.Release|Any CPU.Build.0 = Release|Any CPU
	EndGlobalSection
EndGlobal
